Microsoft Visual Studio Solution File, Format Version 12.00
# Visual Studio Version 16
VisualStudioVersion = 16.0.29009.5
MinimumVisualStudioVersion = 10.0.40219.1
Project("{2150E333-8FDC-42A3-9474-1A3956D46DE8}") = ".paket", ".paket", "{63297B98-5CED-492C-A5B7-A5B4F73CF142}"
	ProjectSection(SolutionItems) = preProject
		Nuget.Config = Nuget.Config
		paket.dependencies = paket.dependencies
		paket.lock = paket.lock
		paket.references = paket.references
	EndProjectSection
EndProject
Project("{2150E333-8FDC-42A3-9474-1A3956D46DE8}") = "project", "project", "{BF60BC93-E09B-4E5F-9D85-95A519479D54}"
	ProjectSection(SolutionItems) = preProject
		.editorconfig = .editorconfig
		.github\ISSUE_TEMPLATE\BUG_REPORT.md = .github\ISSUE_TEMPLATE\BUG_REPORT.md
		.github\ISSUE_TEMPLATE\FEATURE_REQUEST.md = .github\ISSUE_TEMPLATE\FEATURE_REQUEST.md
		.github\PULL_REQUEST_TEMPLATE.md = .github\PULL_REQUEST_TEMPLATE.md
		README.md = README.md
		RELEASE_NOTES.md = RELEASE_NOTES.md
	EndProjectSection
EndProject
Project("{2150E333-8FDC-42A3-9474-1A3956D46DE8}") = "git", "git", "{078A9C52-DDC1-46F4-9235-9E6C89C87AFD}"
	ProjectSection(SolutionItems) = preProject
		.gitattributes = .gitattributes
		.gitignore = .gitignore
	EndProjectSection
EndProject
Project("{2150E333-8FDC-42A3-9474-1A3956D46DE8}") = ".build", ".build", "{7C6D08E7-3EAC-4335-8F4B-252C193C27C9}"
	ProjectSection(SolutionItems) = preProject
		build.cmd = build.cmd
		build.fsx = build.fsx
		build.proj = build.proj
		build.sh = build.sh
	EndProjectSection
EndProject
Project("{2150E333-8FDC-42A3-9474-1A3956D46DE8}") = "tools", "tools", "{55637037-300B-4FA5-8D14-B2CECCCD4B0D}"
EndProject
Project("{6EC3EE1D-3C4E-46DD-8F32-0CC8E7565705}") = "tools", "tools\tools.fsproj", "{E03A3045-EEAB-4616-B0D8-A50A1B75F72B}"
EndProject
Project("{6EC3EE1D-3C4E-46DD-8F32-0CC8E7565705}") = "App", "docs\App.fsproj", "{0A840E11-9EE5-4088-ADA9-D01DABCBF57B}"
EndProject
Project("{2150E333-8FDC-42A3-9474-1A3956D46DE8}") = "public", "public", "{CABBED80-2F75-4DFE-8F77-7F7FDFDC8008}"
	ProjectSection(SolutionItems) = preProject
		public\github-gist.css = public\github-gist.css
		public\index.html = public\index.html
	EndProjectSection
EndProject
Project("{2150E333-8FDC-42A3-9474-1A3956D46DE8}") = "web", "web", "{7F29BFE8-02B3-4763-838C-3D8228334B4B}"
	ProjectSection(SolutionItems) = preProject
		.yarnrc = .yarnrc
		package.json = package.json
		publish.js = publish.js
		splitter.config.js = splitter.config.js
		webpack.config.js = webpack.config.js
	EndProjectSection
EndProject
Project("{6EC3EE1D-3C4E-46DD-8F32-0CC8E7565705}") = "Feliz.Recoil", "src\Feliz.Recoil\Feliz.Recoil.fsproj", "{47B7B8EC-FA10-4FA2-882F-9830467BB22D}"
EndProject
Project("{2150E333-8FDC-42A3-9474-1A3956D46DE8}") = "Recoil", "Recoil", "{64222420-D7C5-4807-A840-0BBD5D22B97D}"
	ProjectSection(SolutionItems) = preProject
		public\Recoil\Installation.md = public\Recoil\Installation.md
	EndProjectSection
EndProject
Project("{2150E333-8FDC-42A3-9474-1A3956D46DE8}") = "Examples", "Examples", "{BC9553AA-0DEF-48E7-B581-F249164D0B8D}"
	ProjectSection(SolutionItems) = preProject
		public\Recoil\Examples\Async.md = public\Recoil\Examples\Async.md
		public\Recoil\Examples\AtomFamily.md = public\Recoil\Examples\AtomFamily.md
		public\Recoil\Examples\Basic.md = public\Recoil\Examples\Basic.md
		public\Recoil\Examples\BidirectionalSelectors.md = public\Recoil\Examples\BidirectionalSelectors.md
		public\Recoil\Examples\Callback.md = public\Recoil\Examples\Callback.md
		public\Recoil\Examples\Composition.md = public\Recoil\Examples\Composition.md
		public\Recoil\Examples\ComputationExpressions.md = public\Recoil\Examples\ComputationExpressions.md
		public\Recoil\Examples\Elmish.md = public\Recoil\Examples\Elmish.md
		public\Recoil\Examples\Loadable.md = public\Recoil\Examples\Loadable.md
		public\Recoil\Examples\Logger.md = public\Recoil\Examples\Logger.md
		public\Recoil\Examples\MixAndMatch.md = public\Recoil\Examples\MixAndMatch.md
		public\Recoil\Examples\Nesting.md = public\Recoil\Examples\Nesting.md
		public\Recoil\Examples\Previous.md = public\Recoil\Examples\Previous.md
		public\Recoil\Examples\Reset.md = public\Recoil\Examples\Reset.md
		public\Recoil\Examples\Websockets.md = public\Recoil\Examples\Websockets.md
	EndProjectSection
EndProject
Project("{6EC3EE1D-3C4E-46DD-8F32-0CC8E7565705}") = "Feliz.Recoil.Elmish", "src\Feliz.Recoil.Elmish\Feliz.Recoil.Elmish.fsproj", "{8E95D82F-0A5F-44AB-ACBE-B2DB200878DE}"
EndProject
Project("{2150E333-8FDC-42A3-9474-1A3956D46DE8}") = "API", "API", "{7EC5185F-5420-4A09-9AF7-63C397ACFDA3}"
	ProjectSection(SolutionItems) = preProject
		public\Recoil\API\Bridge.md = public\Recoil\API\Bridge.md
		public\Recoil\API\Components.md = public\Recoil\API\Components.md
		public\Recoil\API\ComputationExpressions.md = public\Recoil\API\ComputationExpressions.md
		public\Recoil\API\Elmish.md = public\Recoil\API\Elmish.md
		public\Recoil\API\Functions.md = public\Recoil\API\Functions.md
		public\Recoil\API\Hooks.md = public\Recoil\API\Hooks.md
		public\Recoil\API\Types.md = public\Recoil\API\Types.md
	EndProjectSection
EndProject
Project("{6EC3EE1D-3C4E-46DD-8F32-0CC8E7565705}") = "Feliz.Recoil.Bridge", "src\Feliz.Recoil.Bridge\Feliz.Recoil.Bridge.fsproj", "{D0DC75CA-E737-4B80-86C3-F05DA4433621}"
EndProject
Project("{2150E333-8FDC-42A3-9474-1A3956D46DE8}") = "demo", "demo", "{1F10A200-F61F-4632-9D1B-8934262E5E08}"
EndProject
Project("{6EC3EE1D-3C4E-46DD-8F32-0CC8E7565705}") = "Client", "demo\Client\Client.fsproj", "{F0145DB3-9EEA-4AFC-84AE-9E3DB8B527F0}"
EndProject
Project("{6EC3EE1D-3C4E-46DD-8F32-0CC8E7565705}") = "Server", "demo\Server\Server.fsproj", "{D241B9C3-2619-46FF-A86F-713B814F0FC0}"
EndProject
Project("{6EC3EE1D-3C4E-46DD-8F32-0CC8E7565705}") = "Shared", "demo\Shared\Shared.fsproj", "{D1377ED1-688D-48B0-959B-A494FCCE9791}"
EndProject
Project("{2150E333-8FDC-42A3-9474-1A3956D46DE8}") = "web", "web", "{4A2165E7-ABBF-4A6A-8EC7-81F186EA8806}"
	ProjectSection(SolutionItems) = preProject
		demo\package.json = demo\package.json
		demo\webpack.config.js = demo\webpack.config.js
	EndProjectSection
EndProject
Global
	GlobalSection(SolutionConfigurationPlatforms) = preSolution
		Debug|Any CPU = Debug|Any CPU
		Release|Any CPU = Release|Any CPU
	EndGlobalSection
	GlobalSection(ProjectConfigurationPlatforms) = postSolution
		{E03A3045-EEAB-4616-B0D8-A50A1B75F72B}.Debug|Any CPU.ActiveCfg = Debug|Any CPU
		{E03A3045-EEAB-4616-B0D8-A50A1B75F72B}.Debug|Any CPU.Build.0 = Debug|Any CPU
		{E03A3045-EEAB-4616-B0D8-A50A1B75F72B}.Release|Any CPU.ActiveCfg = Release|Any CPU
		{E03A3045-EEAB-4616-B0D8-A50A1B75F72B}.Release|Any CPU.Build.0 = Release|Any CPU
		{0A840E11-9EE5-4088-ADA9-D01DABCBF57B}.Debug|Any CPU.ActiveCfg = Debug|Any CPU
		{0A840E11-9EE5-4088-ADA9-D01DABCBF57B}.Debug|Any CPU.Build.0 = Debug|Any CPU
		{0A840E11-9EE5-4088-ADA9-D01DABCBF57B}.Release|Any CPU.ActiveCfg = Release|Any CPU
		{0A840E11-9EE5-4088-ADA9-D01DABCBF57B}.Release|Any CPU.Build.0 = Release|Any CPU
		{47B7B8EC-FA10-4FA2-882F-9830467BB22D}.Debug|Any CPU.ActiveCfg = Debug|Any CPU
		{47B7B8EC-FA10-4FA2-882F-9830467BB22D}.Debug|Any CPU.Build.0 = Debug|Any CPU
		{47B7B8EC-FA10-4FA2-882F-9830467BB22D}.Release|Any CPU.ActiveCfg = Release|Any CPU
		{47B7B8EC-FA10-4FA2-882F-9830467BB22D}.Release|Any CPU.Build.0 = Release|Any CPU
		{8E95D82F-0A5F-44AB-ACBE-B2DB200878DE}.Debug|Any CPU.ActiveCfg = Debug|Any CPU
		{8E95D82F-0A5F-44AB-ACBE-B2DB200878DE}.Debug|Any CPU.Build.0 = Debug|Any CPU
		{8E95D82F-0A5F-44AB-ACBE-B2DB200878DE}.Release|Any CPU.ActiveCfg = Release|Any CPU
		{8E95D82F-0A5F-44AB-ACBE-B2DB200878DE}.Release|Any CPU.Build.0 = Release|Any CPU
		{D0DC75CA-E737-4B80-86C3-F05DA4433621}.Debug|Any CPU.ActiveCfg = Debug|Any CPU
		{D0DC75CA-E737-4B80-86C3-F05DA4433621}.Debug|Any CPU.Build.0 = Debug|Any CPU
		{D0DC75CA-E737-4B80-86C3-F05DA4433621}.Release|Any CPU.ActiveCfg = Release|Any CPU
		{D0DC75CA-E737-4B80-86C3-F05DA4433621}.Release|Any CPU.Build.0 = Release|Any CPU
		{F0145DB3-9EEA-4AFC-84AE-9E3DB8B527F0}.Debug|Any CPU.ActiveCfg = Debug|Any CPU
		{F0145DB3-9EEA-4AFC-84AE-9E3DB8B527F0}.Debug|Any CPU.Build.0 = Debug|Any CPU
		{F0145DB3-9EEA-4AFC-84AE-9E3DB8B527F0}.Release|Any CPU.ActiveCfg = Release|Any CPU
		{F0145DB3-9EEA-4AFC-84AE-9E3DB8B527F0}.Release|Any CPU.Build.0 = Release|Any CPU
		{D241B9C3-2619-46FF-A86F-713B814F0FC0}.Debug|Any CPU.ActiveCfg = Debug|Any CPU
		{D241B9C3-2619-46FF-A86F-713B814F0FC0}.Debug|Any CPU.Build.0 = Debug|Any CPU
		{D241B9C3-2619-46FF-A86F-713B814F0FC0}.Release|Any CPU.ActiveCfg = Release|Any CPU
		{D241B9C3-2619-46FF-A86F-713B814F0FC0}.Release|Any CPU.Build.0 = Release|Any CPU
		{D1377ED1-688D-48B0-959B-A494FCCE9791}.Debug|Any CPU.ActiveCfg = Debug|Any CPU
		{D1377ED1-688D-48B0-959B-A494FCCE9791}.Debug|Any CPU.Build.0 = Debug|Any CPU
		{D1377ED1-688D-48B0-959B-A494FCCE9791}.Release|Any CPU.ActiveCfg = Release|Any CPU
		{D1377ED1-688D-48B0-959B-A494FCCE9791}.Release|Any CPU.Build.0 = Release|Any CPU
	EndGlobalSection
	GlobalSection(SolutionProperties) = preSolution
		HideSolutionNode = FALSE
	EndGlobalSection
	GlobalSection(NestedProjects) = preSolution
		{E03A3045-EEAB-4616-B0D8-A50A1B75F72B} = {55637037-300B-4FA5-8D14-B2CECCCD4B0D}
		{64222420-D7C5-4807-A840-0BBD5D22B97D} = {CABBED80-2F75-4DFE-8F77-7F7FDFDC8008}
		{BC9553AA-0DEF-48E7-B581-F249164D0B8D} = {64222420-D7C5-4807-A840-0BBD5D22B97D}
		{7EC5185F-5420-4A09-9AF7-63C397ACFDA3} = {64222420-D7C5-4807-A840-0BBD5D22B97D}
		{F0145DB3-9EEA-4AFC-84AE-9E3DB8B527F0} = {1F10A200-F61F-4632-9D1B-8934262E5E08}
		{D241B9C3-2619-46FF-A86F-713B814F0FC0} = {1F10A200-F61F-4632-9D1B-8934262E5E08}
		{D1377ED1-688D-48B0-959B-A494FCCE9791} = {1F10A200-F61F-4632-9D1B-8934262E5E08}
		{4A2165E7-ABBF-4A6A-8EC7-81F186EA8806} = {1F10A200-F61F-4632-9D1B-8934262E5E08}
	EndGlobalSection
	GlobalSection(ExtensibilityGlobals) = postSolution
		SolutionGuid = {96DAE6A9-B1CC-4FF7-B08C-D5FBFD55B385}
	EndGlobalSection
EndGlobal
